
Microsoft Visual Studio Solution File, Format Version 12.00
# Visual Studio 15
VisualStudioVersion = 15.0.28307.1169
MinimumVisualStudioVersion = 10.0.40219.1
Project("{8BC9CEB8-8B4A-11D0-8D11-00A0C91BC942}") = "AT-P5-TeeYuJune(G1)", "AT-P5-TeeYuJune(G1)\AT-P5-TeeYuJune(G1).vcxproj", "{80360E2A-A1E3-444C-B881-025DA2A6282F}"
EndProject
Global
	GlobalSection(SolutionConfigurationPlatforms) = preSolution
		Debug|x64 = Debug|x64
		Debug|x86 = Debug|x86
		Release|x64 = Release|x64
		Release|x86 = Release|x86
	EndGlobalSection
	GlobalSection(ProjectConfigurationPlatforms) = postSolution
		{80360E2A-A1E3-444C-B881-025DA2A6282F}.Debug|x64.ActiveCfg = Debug|x64
		{80360E2A-A1E3-444C-B881-025DA2A6282F}.Debug|x64.Build.0 = Debug|x64
		{80360E2A-A1E3-444C-B881-025DA2A6282F}.Debug|x86.ActiveCfg = Debug|Win32
		{80360E2A-A1E3-444C-B881-025DA2A6282F}.Debug|x86.Build.0 = Debug|Win32
		{80360E2A-A1E3-444C-B881-025DA2A6282F}.Release|x64.ActiveCfg = Release|x64
		{80360E2A-A1E3-444C-B881-025DA2A6282F}.Release|x64.Build.0 = Release|x64
		{80360E2A-A1E3-444C-B881-025DA2A6282F}.Release|x86.ActiveCfg = Release|Win32
		{80360E2A-A1E3-444C-B881-025DA2A6282F}.Release|x86.Build.0 = Release|Win32
	EndGlobalSection
	GlobalSection(SolutionProperties) = preSolution
		HideSolutionNode = FALSE
	EndGlobalSection
	GlobalSection(ExtensibilityGlobals) = postSolution
		SolutionGuid = {E12B37AC-2CDC-4A74-AE61-0013A3675B6D}
	EndGlobalSection
EndGlobal
