
Microsoft Visual Studio Solution File, Format Version 12.00
# Visual Studio 15
VisualStudioVersion = 15.0.28307.1169
MinimumVisualStudioVersion = 10.0.40219.1
Project("{8BC9CEB8-8B4A-11D0-8D11-00A0C91BC942}") = "At-P4-TeeYuJune", "At-P4-TeeYuJune\At-P4-TeeYuJune.vcxproj", "{7D6771CC-5FE9-4C9E-8014-795C10A36C3E}"
EndProject
Global
	GlobalSection(SolutionConfigurationPlatforms) = preSolution
		Debug|x64 = Debug|x64
		Debug|x86 = Debug|x86
		Release|x64 = Release|x64
		Release|x86 = Release|x86
	EndGlobalSection
	GlobalSection(ProjectConfigurationPlatforms) = postSolution
		{7D6771CC-5FE9-4C9E-8014-795C10A36C3E}.Debug|x64.ActiveCfg = Debug|x64
		{7D6771CC-5FE9-4C9E-8014-795C10A36C3E}.Debug|x64.Build.0 = Debug|x64
		{7D6771CC-5FE9-4C9E-8014-795C10A36C3E}.Debug|x86.ActiveCfg = Debug|Win32
		{7D6771CC-5FE9-4C9E-8014-795C10A36C3E}.Debug|x86.Build.0 = Debug|Win32
		{7D6771CC-5FE9-4C9E-8014-795C10A36C3E}.Release|x64.ActiveCfg = Release|x64
		{7D6771CC-5FE9-4C9E-8014-795C10A36C3E}.Release|x64.Build.0 = Release|x64
		{7D6771CC-5FE9-4C9E-8014-795C10A36C3E}.Release|x86.ActiveCfg = Release|Win32
		{7D6771CC-5FE9-4C9E-8014-795C10A36C3E}.Release|x86.Build.0 = Release|Win32
	EndGlobalSection
	GlobalSection(SolutionProperties) = preSolution
		HideSolutionNode = FALSE
	EndGlobalSection
	GlobalSection(ExtensibilityGlobals) = postSolution
		SolutionGuid = {B087C759-DA60-4EEA-A1D4-3CA14FC260D8}
	EndGlobalSection
EndGlobal
