
Microsoft Visual Studio Solution File, Format Version 12.00
# Visual Studio 15
VisualStudioVersion = 15.0.28307.1169
MinimumVisualStudioVersion = 10.0.40219.1
Project("{8BC9CEB8-8B4A-11D0-8D11-00A0C91BC942}") = "AT-P7-TeeYuJune(G1)", "AT-P7-TeeYuJune(G1)\AT-P7-TeeYuJune(G1).vcxproj", "{E5805AD4-DDAA-4683-BC4D-9DCB72A2BAAE}"
EndProject
Global
	GlobalSection(SolutionConfigurationPlatforms) = preSolution
		Debug|x64 = Debug|x64
		Debug|x86 = Debug|x86
		Release|x64 = Release|x64
		Release|x86 = Release|x86
	EndGlobalSection
	GlobalSection(ProjectConfigurationPlatforms) = postSolution
		{E5805AD4-DDAA-4683-BC4D-9DCB72A2BAAE}.Debug|x64.ActiveCfg = Debug|x64
		{E5805AD4-DDAA-4683-BC4D-9DCB72A2BAAE}.Debug|x64.Build.0 = Debug|x64
		{E5805AD4-DDAA-4683-BC4D-9DCB72A2BAAE}.Debug|x86.ActiveCfg = Debug|Win32
		{E5805AD4-DDAA-4683-BC4D-9DCB72A2BAAE}.Debug|x86.Build.0 = Debug|Win32
		{E5805AD4-DDAA-4683-BC4D-9DCB72A2BAAE}.Release|x64.ActiveCfg = Release|x64
		{E5805AD4-DDAA-4683-BC4D-9DCB72A2BAAE}.Release|x64.Build.0 = Release|x64
		{E5805AD4-DDAA-4683-BC4D-9DCB72A2BAAE}.Release|x86.ActiveCfg = Release|Win32
		{E5805AD4-DDAA-4683-BC4D-9DCB72A2BAAE}.Release|x86.Build.0 = Release|Win32
	EndGlobalSection
	GlobalSection(SolutionProperties) = preSolution
		HideSolutionNode = FALSE
	EndGlobalSection
	GlobalSection(ExtensibilityGlobals) = postSolution
		SolutionGuid = {B2E192E4-525C-41C5-A707-84469492A2ED}
	EndGlobalSection
EndGlobal
