
Microsoft Visual Studio Solution File, Format Version 12.00
# Visual Studio 15
VisualStudioVersion = 15.0.28307.1169
MinimumVisualStudioVersion = 10.0.40219.1
Project("{8BC9CEB8-8B4A-11D0-8D11-00A0C91BC942}") = "At-P3-TeeYuJune", "At-P3-TeeYuJune\At-P3-TeeYuJune.vcxproj", "{5D43A743-93D6-48D3-B2D8-899A8183CCA4}"
EndProject
Project("{8BC9CEB8-8B4A-11D0-8D11-00A0C91BC942}") = "P1 - Tee Yu June", "..\P1 - Tee Yu June\P1 - Tee Yu June\P1 - Tee Yu June.vcxproj", "{96E25F5B-6151-4552-BFD1-4F7D4220EE67}"
EndProject
Global
	GlobalSection(SolutionConfigurationPlatforms) = preSolution
		Debug|x64 = Debug|x64
		Debug|x86 = Debug|x86
		Release|x64 = Release|x64
		Release|x86 = Release|x86
	EndGlobalSection
	GlobalSection(ProjectConfigurationPlatforms) = postSolution
		{5D43A743-93D6-48D3-B2D8-899A8183CCA4}.Debug|x64.ActiveCfg = Debug|x64
		{5D43A743-93D6-48D3-B2D8-899A8183CCA4}.Debug|x64.Build.0 = Debug|x64
		{5D43A743-93D6-48D3-B2D8-899A8183CCA4}.Debug|x86.ActiveCfg = Debug|Win32
		{5D43A743-93D6-48D3-B2D8-899A8183CCA4}.Debug|x86.Build.0 = Debug|Win32
		{5D43A743-93D6-48D3-B2D8-899A8183CCA4}.Release|x64.ActiveCfg = Release|x64
		{5D43A743-93D6-48D3-B2D8-899A8183CCA4}.Release|x64.Build.0 = Release|x64
		{5D43A743-93D6-48D3-B2D8-899A8183CCA4}.Release|x86.ActiveCfg = Release|Win32
		{5D43A743-93D6-48D3-B2D8-899A8183CCA4}.Release|x86.Build.0 = Release|Win32
		{96E25F5B-6151-4552-BFD1-4F7D4220EE67}.Debug|x64.ActiveCfg = Debug|x64
		{96E25F5B-6151-4552-BFD1-4F7D4220EE67}.Debug|x64.Build.0 = Debug|x64
		{96E25F5B-6151-4552-BFD1-4F7D4220EE67}.Debug|x86.ActiveCfg = Debug|Win32
		{96E25F5B-6151-4552-BFD1-4F7D4220EE67}.Debug|x86.Build.0 = Debug|Win32
		{96E25F5B-6151-4552-BFD1-4F7D4220EE67}.Release|x64.ActiveCfg = Release|x64
		{96E25F5B-6151-4552-BFD1-4F7D4220EE67}.Release|x64.Build.0 = Release|x64
		{96E25F5B-6151-4552-BFD1-4F7D4220EE67}.Release|x86.ActiveCfg = Release|Win32
		{96E25F5B-6151-4552-BFD1-4F7D4220EE67}.Release|x86.Build.0 = Release|Win32
	EndGlobalSection
	GlobalSection(SolutionProperties) = preSolution
		HideSolutionNode = FALSE
	EndGlobalSection
	GlobalSection(ExtensibilityGlobals) = postSolution
		SolutionGuid = {D48BA31C-21FB-4A22-9B0B-2D1016DC8627}
	EndGlobalSection
EndGlobal
